
Microsoft Visual Studio Solution File, Format Version 12.00
# Visual Studio Version 17
VisualStudioVersion = 17.5.002.0
MinimumVisualStudioVersion = 10.0.40219.1
Project("{9A19103F-16F7-4668-BE54-9A1E7A4F7556}") = "vocabulary", "vocabulary.csproj", "{F9A12DD8-B187-4833-BAB0-22DC6951FEFF}"
EndProject
Global
	GlobalSection(SolutionConfigurationPlatforms) = preSolution
		Debug|Any CPU = Debug|Any CPU
		Release|Any CPU = Release|Any CPU
	EndGlobalSection
	GlobalSection(ProjectConfigurationPlatforms) = postSolution
		{F9A12DD8-B187-4833-BAB0-22DC6951FEFF}.Debug|Any CPU.ActiveCfg = Debug|Any CPU
		{F9A12DD8-B187-4833-BAB0-22DC6951FEFF}.Debug|Any CPU.Build.0 = Debug|Any CPU
		{F9A12DD8-B187-4833-BAB0-22DC6951FEFF}.Release|Any CPU.ActiveCfg = Release|Any CPU
		{F9A12DD8-B187-4833-BAB0-22DC6951FEFF}.Release|Any CPU.Build.0 = Release|Any CPU
	EndGlobalSection
	GlobalSection(SolutionProperties) = preSolution
		HideSolutionNode = FALSE
	EndGlobalSection
	GlobalSection(ExtensibilityGlobals) = postSolution
		SolutionGuid = {1CBB6EB4-1D72-4719-8775-62C84A328288}
	EndGlobalSection
EndGlobal
